// !$*UTF8*$!
{
	archiveVersion = 1;
	classes = {
	};
	objectVersion = 56;
	objects = {

/* Begin PBXBuildFile section */
		92D24F412C0102FF00A76332 /* AppDelegate.swift in Sources */ = {isa = PBXBuildFile; fileRef = 92D24F402C0102FF00A76332 /* AppDelegate.swift */; };
		92D24F432C0102FF00A76332 /* SceneDelegate.swift in Sources */ = {isa = PBXBuildFile; fileRef = 92D24F422C0102FF00A76332 /* SceneDelegate.swift */; };
		92D24F452C0102FF00A76332 /* ViewController.swift in Sources */ = {isa = PBXBuildFile; fileRef = 92D24F442C0102FF00A76332 /* ViewController.swift */; };
		92D24F482C0102FF00A76332 /* Base in Resources */ = {isa = PBXBuildFile; fileRef = 92D24F472C0102FF00A76332 /* Base */; };
		92D24F4A2C01030100A76332 /* Assets.xcassets in Resources */ = {isa = PBXBuildFile; fileRef = 92D24F492C01030100A76332 /* Assets.xcassets */; };
		92D24F4D2C01030100A76332 /* Base in Resources */ = {isa = PBXBuildFile; fileRef = 92D24F4C2C01030100A76332 /* Base */; };
		92D24F552C015ED600A76332 /* AppsDestacadasModel.swift in Sources */ = {isa = PBXBuildFile; fileRef = 92D24F542C015ED600A76332 /* AppsDestacadasModel.swift */; };
		92D24F642C02B0B400A76332 /* SF-Pro-Text-Bold.otf in Resources */ = {isa = PBXBuildFile; fileRef = 92D24F572C02B0B400A76332 /* SF-Pro-Text-Bold.otf */; };
		92D24F6C2C02B0B400A76332 /* SF-Pro-Text-Regular.otf in Resources */ = {isa = PBXBuildFile; fileRef = 92D24F5F2C02B0B400A76332 /* SF-Pro-Text-Regular.otf */; };
		92D24F6E2C02B0B400A76332 /* SF-Pro-Text-Semibold.otf in Resources */ = {isa = PBXBuildFile; fileRef = 92D24F612C02B0B400A76332 /* SF-Pro-Text-Semibold.otf */; };
/* End PBXBuildFile section */

/* Begin PBXFileReference section */
		92D24F3D2C0102FF00A76332 /* testSr.app */ = {isa = PBXFileReference; explicitFileType = wrapper.application; includeInIndex = 0; path = testSr.app; sourceTree = BUILT_PRODUCTS_DIR; };
		92D24F402C0102FF00A76332 /* AppDelegate.swift */ = {isa = PBXFileReference; lastKnownFileType = sourcecode.swift; path = AppDelegate.swift; sourceTree = "<group>"; };
		92D24F422C0102FF00A76332 /* SceneDelegate.swift */ = {isa = PBXFileReference; lastKnownFileType = sourcecode.swift; path = SceneDelegate.swift; sourceTree = "<group>"; };
		92D24F442C0102FF00A76332 /* ViewController.swift */ = {isa = PBXFileReference; lastKnownFileType = sourcecode.swift; path = ViewController.swift; sourceTree = "<group>"; };
		92D24F472C0102FF00A76332 /* Base */ = {isa = PBXFileReference; lastKnownFileType = file.storyboard; name = Base; path = Base.lproj/Main.storyboard; sourceTree = "<group>"; };
		92D24F492C01030100A76332 /* Assets.xcassets */ = {isa = PBXFileReference; lastKnownFileType = folder.assetcatalog; path = Assets.xcassets; sourceTree = "<group>"; };
		92D24F4C2C01030100A76332 /* Base */ = {isa = PBXFileReference; lastKnownFileType = file.storyboard; name = Base; path = Base.lproj/LaunchScreen.storyboard; sourceTree = "<group>"; };
		92D24F4E2C01030100A76332 /* Info.plist */ = {isa = PBXFileReference; lastKnownFileType = text.plist.xml; path = Info.plist; sourceTree = "<group>"; };
		92D24F542C015ED600A76332 /* AppsDestacadasModel.swift */ = {isa = PBXFileReference; lastKnownFileType = sourcecode.swift; path = AppsDestacadasModel.swift; sourceTree = "<group>"; };
		92D24F572C02B0B400A76332 /* SF-Pro-Text-Bold.otf */ = {isa = PBXFileReference; lastKnownFileType = file; path = "SF-Pro-Text-Bold.otf"; sourceTree = "<group>"; };
		92D24F5F2C02B0B400A76332 /* SF-Pro-Text-Regular.otf */ = {isa = PBXFileReference; lastKnownFileType = file; path = "SF-Pro-Text-Regular.otf"; sourceTree = "<group>"; };
		92D24F612C02B0B400A76332 /* SF-Pro-Text-Semibold.otf */ = {isa = PBXFileReference; lastKnownFileType = file; path = "SF-Pro-Text-Semibold.otf"; sourceTree = "<group>"; };
/* End PBXFileReference section */

/* Begin PBXFrameworksBuildPhase section */
		92D24F3A2C0102FF00A76332 /* Frameworks */ = {
			isa = PBXFrameworksBuildPhase;
			buildActionMask = 2147483647;
			files = (
			);
			runOnlyForDeploymentPostprocessing = 0;
		};
/* End PBXFrameworksBuildPhase section */

/* Begin PBXGroup section */
		92D24F342C0102FE00A76332 = {
			isa = PBXGroup;
			children = (
				92D24F3F2C0102FF00A76332 /* testSr */,
				92D24F3E2C0102FF00A76332 /* Products */,
			);
			sourceTree = "<group>";
		};
		92D24F3E2C0102FF00A76332 /* Products */ = {
			isa = PBXGroup;
			children = (
				92D24F3D2C0102FF00A76332 /* testSr.app */,
			);
			name = Products;
			sourceTree = "<group>";
		};
		92D24F3F2C0102FF00A76332 /* testSr */ = {
			isa = PBXGroup;
			children = (
				92D24F562C02B08900A76332 /* Font */,
				92D24F402C0102FF00A76332 /* AppDelegate.swift */,
				92D24F422C0102FF00A76332 /* SceneDelegate.swift */,
				92D24F442C0102FF00A76332 /* ViewController.swift */,
				92D24F462C0102FF00A76332 /* Main.storyboard */,
				92D24F492C01030100A76332 /* Assets.xcassets */,
				92D24F4B2C01030100A76332 /* LaunchScreen.storyboard */,
				92D24F4E2C01030100A76332 /* Info.plist */,
				92D24F542C015ED600A76332 /* AppsDestacadasModel.swift */,
			);
			path = testSr;
			sourceTree = "<group>";
		};
		92D24F562C02B08900A76332 /* Font */ = {
			isa = PBXGroup;
			children = (
				92D24F632C02B0B400A76332 /* SF-Pro-Text-Font-Family */,
			);
			path = Font;
			sourceTree = "<group>";
		};
		92D24F632C02B0B400A76332 /* SF-Pro-Text-Font-Family */ = {
			isa = PBXGroup;
			children = (
				92D24F572C02B0B400A76332 /* SF-Pro-Text-Bold.otf */,
				92D24F5F2C02B0B400A76332 /* SF-Pro-Text-Regular.otf */,
				92D24F612C02B0B400A76332 /* SF-Pro-Text-Semibold.otf */,
			);
			path = "SF-Pro-Text-Font-Family";
			sourceTree = "<group>";
		};
/* End PBXGroup section */

/* Begin PBXNativeTarget section */
		92D24F3C2C0102FF00A76332 /* testSr */ = {
			isa = PBXNativeTarget;
			buildConfigurationList = 92D24F512C01030100A76332 /* Build configuration list for PBXNativeTarget "testSr" */;
			buildPhases = (
				92D24F392C0102FF00A76332 /* Sources */,
				92D24F3A2C0102FF00A76332 /* Frameworks */,
				92D24F3B2C0102FF00A76332 /* Resources */,
			);
			buildRules = (
			);
			dependencies = (
			);
			name = testSr;
			productName = testSr;
			productReference = 92D24F3D2C0102FF00A76332 /* testSr.app */;
			productType = "com.apple.product-type.application";
		};
/* End PBXNativeTarget section */

/* Begin PBXProject section */
		92D24F352C0102FE00A76332 /* Project object */ = {
			isa = PBXProject;
			attributes = {
				BuildIndependentTargetsInParallel = 1;
				LastSwiftUpdateCheck = 1540;
				LastUpgradeCheck = 1540;
				TargetAttributes = {
					92D24F3C2C0102FF00A76332 = {
						CreatedOnToolsVersion = 15.4;
					};
				};
			};
			buildConfigurationList = 92D24F382C0102FE00A76332 /* Build configuration list for PBXProject "testSr" */;
			compatibilityVersion = "Xcode 14.0";
			developmentRegion = en;
			hasScannedForEncodings = 0;
			knownRegions = (
				en,
				Base,
			);
			mainGroup = 92D24F342C0102FE00A76332;
			productRefGroup = 92D24F3E2C0102FF00A76332 /* Products */;
			projectDirPath = "";
			projectRoot = "";
			targets = (
				92D24F3C2C0102FF00A76332 /* testSr */,
			);
		};
/* End PBXProject section */

/* Begin PBXResourcesBuildPhase section */
		92D24F3B2C0102FF00A76332 /* Resources */ = {
			isa = PBXResourcesBuildPhase;
			buildActionMask = 2147483647;
			files = (
				92D24F4A2C01030100A76332 /* Assets.xcassets in Resources */,
				92D24F4D2C01030100A76332 /* Base in Resources */,
				92D24F6E2C02B0B400A76332 /* SF-Pro-Text-Semibold.otf in Resources */,
				92D24F642C02B0B400A76332 /* SF-Pro-Text-Bold.otf in Resources */,
				92D24F6C2C02B0B400A76332 /* SF-Pro-Text-Regular.otf in Resources */,
				92D24F482C0102FF00A76332 /* Base in Resources */,
			);
			runOnlyForDeploymentPostprocessing = 0;
		};
/* End PBXResourcesBuildPhase section */

/* Begin PBXSourcesBuildPhase section */
		92D24F392C0102FF00A76332 /* Sources */ = {
			isa = PBXSourcesBuildPhase;
			buildActionMask = 2147483647;
			files = (
				92D24F452C0102FF00A76332 /* ViewController.swift in Sources */,
				92D24F412C0102FF00A76332 /* AppDelegate.swift in Sources */,
				92D24F552C015ED600A76332 /* AppsDestacadasModel.swift in Sources */,
				92D24F432C0102FF00A76332 /* SceneDelegate.swift in Sources */,
			);
			runOnlyForDeploymentPostprocessing = 0;
		};
/* End PBXSourcesBuildPhase section */

/* Begin PBXVariantGroup section */
		92D24F462C0102FF00A76332 /* Main.storyboard */ = {
			isa = PBXVariantGroup;
			children = (
				92D24F472C0102FF00A76332 /* Base */,
			);
			name = Main.storyboard;
			sourceTree = "<group>";
		};
		92D24F4B2C01030100A76332 /* LaunchScreen.storyboard */ = {
			isa = PBXVariantGroup;
			children = (
				92D24F4C2C01030100A76332 /* Base */,
			);
			name = LaunchScreen.storyboard;
			sourceTree = "<group>";
		};
/* End PBXVariantGroup section */

/* Begin XCBuildConfiguration section */
		92D24F4F2C01030100A76332 /* Debug */ = {
			isa = XCBuildConfiguration;
			buildSettings = {
				ALWAYS_SEARCH_USER_PATHS = NO;
				ASSETCATALOG_COMPILER_GENERATE_SWIFT_ASSET_SYMBOL_EXTENSIONS = YES;
				CLANG_ANALYZER_NONNULL = YES;
				CLANG_ANALYZER_NUMBER_OBJECT_CONVERSION = YES_AGGRESSIVE;
				CLANG_CXX_LANGUAGE_STANDARD = "gnu++20";
				CLANG_ENABLE_MODULES = YES;
				CLANG_ENABLE_OBJC_ARC = YES;
				CLANG_ENABLE_OBJC_WEAK = YES;
				CLANG_WARN_BLOCK_CAPTURE_AUTORELEASING = YES;
				CLANG_WARN_BOOL_CONVERSION = YES;
				CLANG_WARN_COMMA = YES;
				CLANG_WARN_CONSTANT_CONVERSION = YES;
				CLANG_WARN_DEPRECATED_OBJC_IMPLEMENTATIONS = YES;
				CLANG_WARN_DIRECT_OBJC_ISA_USAGE = YES_ERROR;
				CLANG_WARN_DOCUMENTATION_COMMENTS = YES;
				CLANG_WARN_EMPTY_BODY = YES;
				CLANG_WARN_ENUM_CONVERSION = YES;
				CLANG_WARN_INFINITE_RECURSION = YES;
				CLANG_WARN_INT_CONVERSION = YES;
				CLANG_WARN_NON_LITERAL_NULL_CONVERSION = YES;
				CLANG_WARN_OBJC_IMPLICIT_RETAIN_SELF = YES;
				CLANG_WARN_OBJC_LITERAL_CONVERSION = YES;
				CLANG_WARN_OBJC_ROOT_CLASS = YES_ERROR;
				CLANG_WARN_QUOTED_INCLUDE_IN_FRAMEWORK_HEADER = YES;
				CLANG_WARN_RANGE_LOOP_ANALYSIS = YES;
				CLANG_WARN_STRICT_PROTOTYPES = YES;
				CLANG_WARN_SUSPICIOUS_MOVE = YES;
				CLANG_WARN_UNGUARDED_AVAILABILITY = YES_AGGRESSIVE;
				CLANG_WARN_UNREACHABLE_CODE = YES;
				CLANG_WARN__DUPLICATE_METHOD_MATCH = YES;
				COPY_PHASE_STRIP = NO;
				DEBUG_INFORMATION_FORMAT = dwarf;
				ENABLE_STRICT_OBJC_MSGSEND = YES;
				ENABLE_TESTABILITY = YES;
				ENABLE_USER_SCRIPT_SANDBOXING = YES;
				GCC_C_LANGUAGE_STANDARD = gnu17;
				GCC_DYNAMIC_NO_PIC = NO;
				GCC_NO_COMMON_BLOCKS = YES;
				GCC_OPTIMIZATION_LEVEL = 0;
				GCC_PREPROCESSOR_DEFINITIONS = (
					"DEBUG=1",
					"$(inherited)",
				);
				GCC_WARN_64_TO_32_BIT_CONVERSION = YES;
				GCC_WARN_ABOUT_RETURN_TYPE = YES_ERROR;
				GCC_WARN_UNDECLARED_SELECTOR = YES;
				GCC_WARN_UNINITIALIZED_AUTOS = YES_AGGRESSIVE;
				GCC_WARN_UNUSED_FUNCTION = YES;
				GCC_WARN_UNUSED_VARIABLE = YES;
				IPHONEOS_DEPLOYMENT_TARGET = 17.5;
				LOCALIZATION_PREFERS_STRING_CATALOGS = YES;
				MTL_ENABLE_DEBUG_INFO = INCLUDE_SOURCE;
				MTL_FAST_MATH = YES;
				ONLY_ACTIVE_ARCH = YES;
				SDKROOT = iphoneos;
				SWIFT_ACTIVE_COMPILATION_CONDITIONS = "DEBUG $(inherited)";
				SWIFT_OPTIMIZATION_LEVEL = "-Onone";
			};
			name = Debug;
		};
		92D24F502C01030100A76332 /* Release */ = {
			isa = XCBuildConfiguration;
			buildSettings = {
				ALWAYS_SEARCH_USER_PATHS = NO;
				ASSETCATALOG_COMPILER_GENERATE_SWIFT_ASSET_SYMBOL_EXTENSIONS = YES;
				CLANG_ANALYZER_NONNULL = YES;
				CLANG_ANALYZER_NUMBER_OBJECT_CONVERSION = YES_AGGRESSIVE;
				CLANG_CXX_LANGUAGE_STANDARD = "gnu++20";
				CLANG_ENABLE_MODULES = YES;
				CLANG_ENABLE_OBJC_ARC = YES;
				CLANG_ENABLE_OBJC_WEAK = YES;
				CLANG_WARN_BLOCK_CAPTURE_AUTORELEASING = YES;
				CLANG_WARN_BOOL_CONVERSION = YES;
				CLANG_WARN_COMMA = YES;
				CLANG_WARN_CONSTANT_CONVERSION = YES;
				CLANG_WARN_DEPRECATED_OBJC_IMPLEMENTATIONS = YES;
				CLANG_WARN_DIRECT_OBJC_ISA_USAGE = YES_ERROR;
				CLANG_WARN_DOCUMENTATION_COMMENTS = YES;
				CLANG_WARN_EMPTY_BODY = YES;
				CLANG_WARN_ENUM_CONVERSION = YES;
				CLANG_WARN_INFINITE_RECURSION = YES;
				CLANG_WARN_INT_CONVERSION = YES;
				CLANG_WARN_NON_LITERAL_NULL_CONVERSION = YES;
				CLANG_WARN_OBJC_IMPLICIT_RETAIN_SELF = YES;
				CLANG_WARN_OBJC_LITERAL_CONVERSION = YES;
				CLANG_WARN_OBJC_ROOT_CLASS = YES_ERROR;
				CLANG_WARN_QUOTED_INCLUDE_IN_FRAMEWORK_HEADER = YES;
				CLANG_WARN_RANGE_LOOP_ANALYSIS = YES;
				CLANG_WARN_STRICT_PROTOTYPES = YES;
				CLANG_WARN_SUSPICIOUS_MOVE = YES;
				CLANG_WARN_UNGUARDED_AVAILABILITY = YES_AGGRESSIVE;
				CLANG_WARN_UNREACHABLE_CODE = YES;
				CLANG_WARN__DUPLICATE_METHOD_MATCH = YES;
				COPY_PHASE_STRIP = NO;
				DEBUG_INFORMATION_FORMAT = "dwarf-with-dsym";
				ENABLE_NS_ASSERTIONS = NO;
				ENABLE_STRICT_OBJC_MSGSEND = YES;
				ENABLE_USER_SCRIPT_SANDBOXING = YES;
				GCC_C_LANGUAGE_STANDARD = gnu17;
				GCC_NO_COMMON_BLOCKS = YES;
				GCC_WARN_64_TO_32_BIT_CONVERSION = YES;
				GCC_WARN_ABOUT_RETURN_TYPE = YES_ERROR;
				GCC_WARN_UNDECLARED_SELECTOR = YES;
				GCC_WARN_UNINITIALIZED_AUTOS = YES_AGGRESSIVE;
				GCC_WARN_UNUSED_FUNCTION = YES;
				GCC_WARN_UNUSED_VARIABLE = YES;
				IPHONEOS_DEPLOYMENT_TARGET = 17.5;
				LOCALIZATION_PREFERS_STRING_CATALOGS = YES;
				MTL_ENABLE_DEBUG_INFO = NO;
				MTL_FAST_MATH = YES;
				SDKROOT = iphoneos;
				SWIFT_COMPILATION_MODE = wholemodule;
				VALIDATE_PRODUCT = YES;
			};
			name = Release;
		};
		92D24F522C01030100A76332 /* Debug */ = {
			isa = XCBuildConfiguration;
			buildSettings = {
				ASSETCATALOG_COMPILER_APPICON_NAME = AppIcon;
				ASSETCATALOG_COMPILER_GLOBAL_ACCENT_COLOR_NAME = AccentColor;
				CODE_SIGN_STYLE = Automatic;
				CURRENT_PROJECT_VERSION = 1;
				DEVELOPMENT_TEAM = CL727PHN43;
				GENERATE_INFOPLIST_FILE = YES;
				INFOPLIST_FILE = testSr/Info.plist;
				INFOPLIST_KEY_UIApplicationSupportsIndirectInputEvents = YES;
				INFOPLIST_KEY_UILaunchStoryboardName = LaunchScreen;
				INFOPLIST_KEY_UIMainStoryboardFile = Main;
				INFOPLIST_KEY_UISupportedInterfaceOrientations_iPad = "UIInterfaceOrientationPortrait UIInterfaceOrientationPortraitUpsideDown UIInterfaceOrientationLandscapeLeft UIInterfaceOrientationLandscapeRight";
				INFOPLIST_KEY_UISupportedInterfaceOrientations_iPhone = "UIInterfaceOrientationPortrait UIInterfaceOrientationLandscapeLeft UIInterfaceOrientationLandscapeRight";
				LD_RUNPATH_SEARCH_PATHS = (
					"$(inherited)",
					"@executable_path/Frameworks",
				);
				MARKETING_VERSION = 1.0;
				PRODUCT_BUNDLE_IDENTIFIER = media.testSr;
				PRODUCT_NAME = "$(TARGET_NAME)";
				SWIFT_EMIT_LOC_STRINGS = YES;
				SWIFT_VERSION = 5.0;
				TARGETED_DEVICE_FAMILY = "1,2";
			};
			name = Debug;
		};
		92D24F532C01030100A76332 /* Release */ = {
			isa = XCBuildConfiguration;
			buildSettings = {
				ASSETCATALOG_COMPILER_APPICON_NAME = AppIcon;
				ASSETCATALOG_COMPILER_GLOBAL_ACCENT_COLOR_NAME = AccentColor;
				CODE_SIGN_STYLE = Automatic;
				CURRENT_PROJECT_VERSION = 1;
				DEVELOPMENT_TEAM = CL727PHN43;
				GENERATE_INFOPLIST_FILE = YES;
				INFOPLIST_FILE = testSr/Info.plist;
				INFOPLIST_KEY_UIApplicationSupportsIndirectInputEvents = YES;
				INFOPLIST_KEY_UILaunchStoryboardName = LaunchScreen;
				INFOPLIST_KEY_UIMainStoryboardFile = Main;
				INFOPLIST_KEY_UISupportedInterfaceOrientations_iPad = "UIInterfaceOrientationPortrait UIInterfaceOrientationPortraitUpsideDown UIInterfaceOrientationLandscapeLeft UIInterfaceOrientationLandscapeRight";
				INFOPLIST_KEY_UISupportedInterfaceOrientations_iPhone = "UIInterfaceOrientationPortrait UIInterfaceOrientationLandscapeLeft UIInterfaceOrientationLandscapeRight";
				LD_RUNPATH_SEARCH_PATHS = (
					"$(inherited)",
					"@executable_path/Frameworks",
				);
				MARKETING_VERSION = 1.0;
				PRODUCT_BUNDLE_IDENTIFIER = media.testSr;
				PRODUCT_NAME = "$(TARGET_NAME)";
				SWIFT_EMIT_LOC_STRINGS = YES;
				SWIFT_VERSION = 5.0;
				TARGETED_DEVICE_FAMILY = "1,2";
			};
			name = Release;
		};
/* End XCBuildConfiguration section */

/* Begin XCConfigurationList section */
		92D24F382C0102FE00A76332 /* Build configuration list for PBXProject "testSr" */ = {
			isa = XCConfigurationList;
			buildConfigurations = (
				92D24F4F2C01030100A76332 /* Debug */,
				92D24F502C01030100A76332 /* Release */,
			);
			defaultConfigurationIsVisible = 0;
			defaultConfigurationName = Release;
		};
		92D24F512C01030100A76332 /* Build configuration list for PBXNativeTarget "testSr" */ = {
			isa = XCConfigurationList;
			buildConfigurations = (
				92D24F522C01030100A76332 /* Debug */,
				92D24F532C01030100A76332 /* Release */,
			);
			defaultConfigurationIsVisible = 0;
			defaultConfigurationName = Release;
		};
/* End XCConfigurationList section */
	};
	rootObject = 92D24F352C0102FE00A76332 /* Project object */;
}
